
Microsoft Visual Studio Solution File, Format Version 12.00
# Visual Studio 15
Project("{FAE04EC0-301F-11D3-BF4B-00C04F79EFBC}") = "NAH", "NAH\NAH.csproj", "{E0F1D85C-3904-4E18-9864-4A651503B7EE}"
EndProject
Global
	GlobalSection(SolutionConfigurationPlatforms) = preSolution
		Debug|Any CPU = Debug|Any CPU
		Release|Any CPU = Release|Any CPU
	EndGlobalSection
	GlobalSection(ProjectConfigurationPlatforms) = postSolution
		{E0F1D85C-3904-4E18-9864-4A651503B7EE}.Debug|Any CPU.ActiveCfg = Debug|Any CPU
		{E0F1D85C-3904-4E18-9864-4A651503B7EE}.Debug|Any CPU.Build.0 = Debug|Any CPU
		{E0F1D85C-3904-4E18-9864-4A651503B7EE}.Release|Any CPU.ActiveCfg = Release|Any CPU
		{E0F1D85C-3904-4E18-9864-4A651503B7EE}.Release|Any CPU.Build.0 = Release|Any CPU
	EndGlobalSection
EndGlobal
